
Microsoft Visual Studio Solution File, Format Version 12.00
# Visual Studio Version 17
VisualStudioVersion = 17.11.35327.3
MinimumVisualStudioVersion = 10.0.40219.1
Project("{9A19103F-16F7-4668-BE54-9A1E7A4F7556}") = "SimpleBank", "src\SimpleBank\SimpleBank.csproj", "{444CC255-AE5F-408F-8EFB-844A8AAF44F1}"
EndProject
Project("{2150E333-8FDC-42A3-9474-1A3956D46DE8}") = "Solution Items", "Solution Items", "{F351585C-8BD2-42FE-98B0-C8DAE0C9ECBB}"
	ProjectSection(SolutionItems) = preProject
		README.MD = README.MD
	EndProjectSection
EndProject
Project("{2150E333-8FDC-42A3-9474-1A3956D46DE8}") = "Business Logic Layer", "Business Logic Layer", "{C34AAEA4-60DC-4899-8EA0-4C5435F6112F}"
EndProject
Project("{2150E333-8FDC-42A3-9474-1A3956D46DE8}") = "Source Code", "Source Code", "{E72D4A39-34EB-43DA-A10C-048A268FE594}"
EndProject
Project("{2150E333-8FDC-42A3-9474-1A3956D46DE8}") = "Presentation Layer", "Presentation Layer", "{48D78483-8DD6-489F-B79E-2589C5E1DC80}"
EndProject
Project("{FAE04EC0-301F-11D3-BF4B-00C04F79EFBC}") = "SimpleBank.BusinessLogic", "src\SimpleBank.BusinessLogic\SimpleBank.BusinessLogic.csproj", "{2010FE03-4E17-42CF-814E-60BE34FA47B3}"
EndProject
Project("{2150E333-8FDC-42A3-9474-1A3956D46DE8}") = "Data Access Layer", "Data Access Layer", "{1824B283-9B27-47C9-9091-60C25701E767}"
EndProject
Project("{FAE04EC0-301F-11D3-BF4B-00C04F79EFBC}") = "SimpleBank.DataAccess", "src\SimpleBank.DataAccess\SimpleBank.DataAccess.csproj", "{09DCCAAA-0D8B-4FE4-B598-6E742F8FAE83}"
EndProject
Global
	GlobalSection(SolutionConfigurationPlatforms) = preSolution
		Debug|Any CPU = Debug|Any CPU
		Release|Any CPU = Release|Any CPU
	EndGlobalSection
	GlobalSection(ProjectConfigurationPlatforms) = postSolution
		{444CC255-AE5F-408F-8EFB-844A8AAF44F1}.Debug|Any CPU.ActiveCfg = Debug|Any CPU
		{444CC255-AE5F-408F-8EFB-844A8AAF44F1}.Debug|Any CPU.Build.0 = Debug|Any CPU
		{444CC255-AE5F-408F-8EFB-844A8AAF44F1}.Release|Any CPU.ActiveCfg = Release|Any CPU
		{444CC255-AE5F-408F-8EFB-844A8AAF44F1}.Release|Any CPU.Build.0 = Release|Any CPU
		{2010FE03-4E17-42CF-814E-60BE34FA47B3}.Debug|Any CPU.ActiveCfg = Debug|Any CPU
		{2010FE03-4E17-42CF-814E-60BE34FA47B3}.Debug|Any CPU.Build.0 = Debug|Any CPU
		{2010FE03-4E17-42CF-814E-60BE34FA47B3}.Release|Any CPU.ActiveCfg = Release|Any CPU
		{2010FE03-4E17-42CF-814E-60BE34FA47B3}.Release|Any CPU.Build.0 = Release|Any CPU
		{09DCCAAA-0D8B-4FE4-B598-6E742F8FAE83}.Debug|Any CPU.ActiveCfg = Debug|Any CPU
		{09DCCAAA-0D8B-4FE4-B598-6E742F8FAE83}.Debug|Any CPU.Build.0 = Debug|Any CPU
		{09DCCAAA-0D8B-4FE4-B598-6E742F8FAE83}.Release|Any CPU.ActiveCfg = Release|Any CPU
		{09DCCAAA-0D8B-4FE4-B598-6E742F8FAE83}.Release|Any CPU.Build.0 = Release|Any CPU
	EndGlobalSection
	GlobalSection(SolutionProperties) = preSolution
		HideSolutionNode = FALSE
	EndGlobalSection
	GlobalSection(NestedProjects) = preSolution
		{444CC255-AE5F-408F-8EFB-844A8AAF44F1} = {48D78483-8DD6-489F-B79E-2589C5E1DC80}
		{C34AAEA4-60DC-4899-8EA0-4C5435F6112F} = {E72D4A39-34EB-43DA-A10C-048A268FE594}
		{48D78483-8DD6-489F-B79E-2589C5E1DC80} = {E72D4A39-34EB-43DA-A10C-048A268FE594}
		{2010FE03-4E17-42CF-814E-60BE34FA47B3} = {C34AAEA4-60DC-4899-8EA0-4C5435F6112F}
		{1824B283-9B27-47C9-9091-60C25701E767} = {E72D4A39-34EB-43DA-A10C-048A268FE594}
		{09DCCAAA-0D8B-4FE4-B598-6E742F8FAE83} = {1824B283-9B27-47C9-9091-60C25701E767}
	EndGlobalSection
	GlobalSection(ExtensibilityGlobals) = postSolution
		SolutionGuid = {2E801284-9B47-4438-A62B-707AD87176C4}
	EndGlobalSection
EndGlobal
